
Microsoft Visual Studio Solution File, Format Version 12.00
# Visual Studio 15
VisualStudioVersion = 15.0.26124.0
MinimumVisualStudioVersion = 15.0.26124.0
Project("{2150E333-8FDC-42A3-9474-1A3956D46DE8}") = "src", "src", "{414B910C-97A7-4CAF-9836-5E5A3BDBE4BD}"
EndProject
Project("{FAE04EC0-301F-11D3-BF4B-00C04F79EFBC}") = "AuthGateway.Admin", "src\AuthGateway.Admin\AuthGateway.Admin.csproj", "{2B44434A-5758-49D4-A59E-C10A7031241E}"
EndProject
Project("{FAE04EC0-301F-11D3-BF4B-00C04F79EFBC}") = "AuthGateway.STS.Identity", "src\AuthGateway.STS.Identity\AuthGateway.STS.Identity.csproj", "{65B40579-4428-48A3-ACE7-AC79AAB579B1}"
EndProject
Project("{FAE04EC0-301F-11D3-BF4B-00C04F79EFBC}") = "AuthGateway.Admin.Api", "src\AuthGateway.Admin.Api\AuthGateway.Admin.Api.csproj", "{E2CD43F1-F78F-4D64-80D7-52F87FCF2980}"
EndProject
Project("{FAE04EC0-301F-11D3-BF4B-00C04F79EFBC}") = "AuthGateway.Admin.EntityFramework.Shared", "src\AuthGateway.Admin.EntityFramework.Shared\AuthGateway.Admin.EntityFramework.Shared.csproj", "{E6F61431-49D7-46A6-8AB7-E465524010B6}"
EndProject
Project("{FAE04EC0-301F-11D3-BF4B-00C04F79EFBC}") = "AuthGateway.Admin.EntityFramework.MySql", "src\AuthGateway.Admin.EntityFramework.MySql\AuthGateway.Admin.EntityFramework.MySql.csproj", "{9ECCA0A9-2D54-471B-9F91-FCC2EBD8EB23}"
EndProject
Project("{FAE04EC0-301F-11D3-BF4B-00C04F79EFBC}") = "AuthGateway.Admin.EntityFramework.PostgreSQL", "src\AuthGateway.Admin.EntityFramework.PostgreSQL\AuthGateway.Admin.EntityFramework.PostgreSQL.csproj", "{5272D90F-494D-489A-8930-0C2D78CF334E}"
EndProject
Project("{FAE04EC0-301F-11D3-BF4B-00C04F79EFBC}") = "AuthGateway.Admin.EntityFramework.SqlServer", "src\AuthGateway.Admin.EntityFramework.SqlServer\AuthGateway.Admin.EntityFramework.SqlServer.csproj", "{00B9B00A-926B-4E0A-BD90-E92824E08195}"
EndProject
Project("{FAE04EC0-301F-11D3-BF4B-00C04F79EFBC}") = "AuthGateway.Shared", "src\AuthGateway.Shared\AuthGateway.Shared.csproj", "{482EDC55-8BFA-4AC2-9B8A-17037EFA4DE5}"
EndProject
Global
	GlobalSection(SolutionConfigurationPlatforms) = preSolution
		Debug|Any CPU = Debug|Any CPU
		Debug|x64 = Debug|x64
		Debug|x86 = Debug|x86
		Release|Any CPU = Release|Any CPU
		Release|x64 = Release|x64
		Release|x86 = Release|x86
	EndGlobalSection
	GlobalSection(SolutionProperties) = preSolution
		HideSolutionNode = FALSE
	EndGlobalSection
	GlobalSection(ProjectConfigurationPlatforms) = postSolution
		{2B44434A-5758-49D4-A59E-C10A7031241E}.Debug|Any CPU.ActiveCfg = Debug|Any CPU
		{2B44434A-5758-49D4-A59E-C10A7031241E}.Debug|Any CPU.Build.0 = Debug|Any CPU
		{2B44434A-5758-49D4-A59E-C10A7031241E}.Debug|x64.ActiveCfg = Debug|Any CPU
		{2B44434A-5758-49D4-A59E-C10A7031241E}.Debug|x64.Build.0 = Debug|Any CPU
		{2B44434A-5758-49D4-A59E-C10A7031241E}.Debug|x86.ActiveCfg = Debug|Any CPU
		{2B44434A-5758-49D4-A59E-C10A7031241E}.Debug|x86.Build.0 = Debug|Any CPU
		{2B44434A-5758-49D4-A59E-C10A7031241E}.Release|Any CPU.ActiveCfg = Release|Any CPU
		{2B44434A-5758-49D4-A59E-C10A7031241E}.Release|Any CPU.Build.0 = Release|Any CPU
		{2B44434A-5758-49D4-A59E-C10A7031241E}.Release|x64.ActiveCfg = Release|Any CPU
		{2B44434A-5758-49D4-A59E-C10A7031241E}.Release|x64.Build.0 = Release|Any CPU
		{2B44434A-5758-49D4-A59E-C10A7031241E}.Release|x86.ActiveCfg = Release|Any CPU
		{2B44434A-5758-49D4-A59E-C10A7031241E}.Release|x86.Build.0 = Release|Any CPU
		{65B40579-4428-48A3-ACE7-AC79AAB579B1}.Debug|Any CPU.ActiveCfg = Debug|Any CPU
		{65B40579-4428-48A3-ACE7-AC79AAB579B1}.Debug|Any CPU.Build.0 = Debug|Any CPU
		{65B40579-4428-48A3-ACE7-AC79AAB579B1}.Debug|x64.ActiveCfg = Debug|Any CPU
		{65B40579-4428-48A3-ACE7-AC79AAB579B1}.Debug|x64.Build.0 = Debug|Any CPU
		{65B40579-4428-48A3-ACE7-AC79AAB579B1}.Debug|x86.ActiveCfg = Debug|Any CPU
		{65B40579-4428-48A3-ACE7-AC79AAB579B1}.Debug|x86.Build.0 = Debug|Any CPU
		{65B40579-4428-48A3-ACE7-AC79AAB579B1}.Release|Any CPU.ActiveCfg = Release|Any CPU
		{65B40579-4428-48A3-ACE7-AC79AAB579B1}.Release|Any CPU.Build.0 = Release|Any CPU
		{65B40579-4428-48A3-ACE7-AC79AAB579B1}.Release|x64.ActiveCfg = Release|Any CPU
		{65B40579-4428-48A3-ACE7-AC79AAB579B1}.Release|x64.Build.0 = Release|Any CPU
		{65B40579-4428-48A3-ACE7-AC79AAB579B1}.Release|x86.ActiveCfg = Release|Any CPU
		{65B40579-4428-48A3-ACE7-AC79AAB579B1}.Release|x86.Build.0 = Release|Any CPU
		{E2CD43F1-F78F-4D64-80D7-52F87FCF2980}.Debug|Any CPU.ActiveCfg = Debug|Any CPU
		{E2CD43F1-F78F-4D64-80D7-52F87FCF2980}.Debug|Any CPU.Build.0 = Debug|Any CPU
		{E2CD43F1-F78F-4D64-80D7-52F87FCF2980}.Debug|x64.ActiveCfg = Debug|Any CPU
		{E2CD43F1-F78F-4D64-80D7-52F87FCF2980}.Debug|x64.Build.0 = Debug|Any CPU
		{E2CD43F1-F78F-4D64-80D7-52F87FCF2980}.Debug|x86.ActiveCfg = Debug|Any CPU
		{E2CD43F1-F78F-4D64-80D7-52F87FCF2980}.Debug|x86.Build.0 = Debug|Any CPU
		{E2CD43F1-F78F-4D64-80D7-52F87FCF2980}.Release|Any CPU.ActiveCfg = Release|Any CPU
		{E2CD43F1-F78F-4D64-80D7-52F87FCF2980}.Release|Any CPU.Build.0 = Release|Any CPU
		{E2CD43F1-F78F-4D64-80D7-52F87FCF2980}.Release|x64.ActiveCfg = Release|Any CPU
		{E2CD43F1-F78F-4D64-80D7-52F87FCF2980}.Release|x64.Build.0 = Release|Any CPU
		{E2CD43F1-F78F-4D64-80D7-52F87FCF2980}.Release|x86.ActiveCfg = Release|Any CPU
		{E2CD43F1-F78F-4D64-80D7-52F87FCF2980}.Release|x86.Build.0 = Release|Any CPU
		{E6F61431-49D7-46A6-8AB7-E465524010B6}.Debug|Any CPU.ActiveCfg = Debug|Any CPU
		{E6F61431-49D7-46A6-8AB7-E465524010B6}.Debug|Any CPU.Build.0 = Debug|Any CPU
		{E6F61431-49D7-46A6-8AB7-E465524010B6}.Debug|x64.ActiveCfg = Debug|Any CPU
		{E6F61431-49D7-46A6-8AB7-E465524010B6}.Debug|x64.Build.0 = Debug|Any CPU
		{E6F61431-49D7-46A6-8AB7-E465524010B6}.Debug|x86.ActiveCfg = Debug|Any CPU
		{E6F61431-49D7-46A6-8AB7-E465524010B6}.Debug|x86.Build.0 = Debug|Any CPU
		{E6F61431-49D7-46A6-8AB7-E465524010B6}.Release|Any CPU.ActiveCfg = Release|Any CPU
		{E6F61431-49D7-46A6-8AB7-E465524010B6}.Release|Any CPU.Build.0 = Release|Any CPU
		{E6F61431-49D7-46A6-8AB7-E465524010B6}.Release|x64.ActiveCfg = Release|Any CPU
		{E6F61431-49D7-46A6-8AB7-E465524010B6}.Release|x64.Build.0 = Release|Any CPU
		{E6F61431-49D7-46A6-8AB7-E465524010B6}.Release|x86.ActiveCfg = Release|Any CPU
		{E6F61431-49D7-46A6-8AB7-E465524010B6}.Release|x86.Build.0 = Release|Any CPU
		{9ECCA0A9-2D54-471B-9F91-FCC2EBD8EB23}.Debug|Any CPU.ActiveCfg = Debug|Any CPU
		{9ECCA0A9-2D54-471B-9F91-FCC2EBD8EB23}.Debug|Any CPU.Build.0 = Debug|Any CPU
		{9ECCA0A9-2D54-471B-9F91-FCC2EBD8EB23}.Debug|x64.ActiveCfg = Debug|Any CPU
		{9ECCA0A9-2D54-471B-9F91-FCC2EBD8EB23}.Debug|x64.Build.0 = Debug|Any CPU
		{9ECCA0A9-2D54-471B-9F91-FCC2EBD8EB23}.Debug|x86.ActiveCfg = Debug|Any CPU
		{9ECCA0A9-2D54-471B-9F91-FCC2EBD8EB23}.Debug|x86.Build.0 = Debug|Any CPU
		{9ECCA0A9-2D54-471B-9F91-FCC2EBD8EB23}.Release|Any CPU.ActiveCfg = Release|Any CPU
		{9ECCA0A9-2D54-471B-9F91-FCC2EBD8EB23}.Release|Any CPU.Build.0 = Release|Any CPU
		{9ECCA0A9-2D54-471B-9F91-FCC2EBD8EB23}.Release|x64.ActiveCfg = Release|Any CPU
		{9ECCA0A9-2D54-471B-9F91-FCC2EBD8EB23}.Release|x64.Build.0 = Release|Any CPU
		{9ECCA0A9-2D54-471B-9F91-FCC2EBD8EB23}.Release|x86.ActiveCfg = Release|Any CPU
		{9ECCA0A9-2D54-471B-9F91-FCC2EBD8EB23}.Release|x86.Build.0 = Release|Any CPU
		{5272D90F-494D-489A-8930-0C2D78CF334E}.Debug|Any CPU.ActiveCfg = Debug|Any CPU
		{5272D90F-494D-489A-8930-0C2D78CF334E}.Debug|Any CPU.Build.0 = Debug|Any CPU
		{5272D90F-494D-489A-8930-0C2D78CF334E}.Debug|x64.ActiveCfg = Debug|Any CPU
		{5272D90F-494D-489A-8930-0C2D78CF334E}.Debug|x64.Build.0 = Debug|Any CPU
		{5272D90F-494D-489A-8930-0C2D78CF334E}.Debug|x86.ActiveCfg = Debug|Any CPU
		{5272D90F-494D-489A-8930-0C2D78CF334E}.Debug|x86.Build.0 = Debug|Any CPU
		{5272D90F-494D-489A-8930-0C2D78CF334E}.Release|Any CPU.ActiveCfg = Release|Any CPU
		{5272D90F-494D-489A-8930-0C2D78CF334E}.Release|Any CPU.Build.0 = Release|Any CPU
		{5272D90F-494D-489A-8930-0C2D78CF334E}.Release|x64.ActiveCfg = Release|Any CPU
		{5272D90F-494D-489A-8930-0C2D78CF334E}.Release|x64.Build.0 = Release|Any CPU
		{5272D90F-494D-489A-8930-0C2D78CF334E}.Release|x86.ActiveCfg = Release|Any CPU
		{5272D90F-494D-489A-8930-0C2D78CF334E}.Release|x86.Build.0 = Release|Any CPU
		{00B9B00A-926B-4E0A-BD90-E92824E08195}.Debug|Any CPU.ActiveCfg = Debug|Any CPU
		{00B9B00A-926B-4E0A-BD90-E92824E08195}.Debug|Any CPU.Build.0 = Debug|Any CPU
		{00B9B00A-926B-4E0A-BD90-E92824E08195}.Debug|x64.ActiveCfg = Debug|Any CPU
		{00B9B00A-926B-4E0A-BD90-E92824E08195}.Debug|x64.Build.0 = Debug|Any CPU
		{00B9B00A-926B-4E0A-BD90-E92824E08195}.Debug|x86.ActiveCfg = Debug|Any CPU
		{00B9B00A-926B-4E0A-BD90-E92824E08195}.Debug|x86.Build.0 = Debug|Any CPU
		{00B9B00A-926B-4E0A-BD90-E92824E08195}.Release|Any CPU.ActiveCfg = Release|Any CPU
		{00B9B00A-926B-4E0A-BD90-E92824E08195}.Release|Any CPU.Build.0 = Release|Any CPU
		{00B9B00A-926B-4E0A-BD90-E92824E08195}.Release|x64.ActiveCfg = Release|Any CPU
		{00B9B00A-926B-4E0A-BD90-E92824E08195}.Release|x64.Build.0 = Release|Any CPU
		{00B9B00A-926B-4E0A-BD90-E92824E08195}.Release|x86.ActiveCfg = Release|Any CPU
		{00B9B00A-926B-4E0A-BD90-E92824E08195}.Release|x86.Build.0 = Release|Any CPU
		{482EDC55-8BFA-4AC2-9B8A-17037EFA4DE5}.Debug|Any CPU.ActiveCfg = Debug|Any CPU
		{482EDC55-8BFA-4AC2-9B8A-17037EFA4DE5}.Debug|Any CPU.Build.0 = Debug|Any CPU
		{482EDC55-8BFA-4AC2-9B8A-17037EFA4DE5}.Debug|x64.ActiveCfg = Debug|Any CPU
		{482EDC55-8BFA-4AC2-9B8A-17037EFA4DE5}.Debug|x64.Build.0 = Debug|Any CPU
		{482EDC55-8BFA-4AC2-9B8A-17037EFA4DE5}.Debug|x86.ActiveCfg = Debug|Any CPU
		{482EDC55-8BFA-4AC2-9B8A-17037EFA4DE5}.Debug|x86.Build.0 = Debug|Any CPU
		{482EDC55-8BFA-4AC2-9B8A-17037EFA4DE5}.Release|Any CPU.ActiveCfg = Release|Any CPU
		{482EDC55-8BFA-4AC2-9B8A-17037EFA4DE5}.Release|Any CPU.Build.0 = Release|Any CPU
		{482EDC55-8BFA-4AC2-9B8A-17037EFA4DE5}.Release|x64.ActiveCfg = Release|Any CPU
		{482EDC55-8BFA-4AC2-9B8A-17037EFA4DE5}.Release|x64.Build.0 = Release|Any CPU
		{482EDC55-8BFA-4AC2-9B8A-17037EFA4DE5}.Release|x86.ActiveCfg = Release|Any CPU
		{482EDC55-8BFA-4AC2-9B8A-17037EFA4DE5}.Release|x86.Build.0 = Release|Any CPU
	EndGlobalSection
	GlobalSection(NestedProjects) = preSolution
		{2B44434A-5758-49D4-A59E-C10A7031241E} = {414B910C-97A7-4CAF-9836-5E5A3BDBE4BD}
		{65B40579-4428-48A3-ACE7-AC79AAB579B1} = {414B910C-97A7-4CAF-9836-5E5A3BDBE4BD}
		{E2CD43F1-F78F-4D64-80D7-52F87FCF2980} = {414B910C-97A7-4CAF-9836-5E5A3BDBE4BD}
		{E6F61431-49D7-46A6-8AB7-E465524010B6} = {414B910C-97A7-4CAF-9836-5E5A3BDBE4BD}
		{9ECCA0A9-2D54-471B-9F91-FCC2EBD8EB23} = {414B910C-97A7-4CAF-9836-5E5A3BDBE4BD}
		{5272D90F-494D-489A-8930-0C2D78CF334E} = {414B910C-97A7-4CAF-9836-5E5A3BDBE4BD}
		{00B9B00A-926B-4E0A-BD90-E92824E08195} = {414B910C-97A7-4CAF-9836-5E5A3BDBE4BD}
		{482EDC55-8BFA-4AC2-9B8A-17037EFA4DE5} = {414B910C-97A7-4CAF-9836-5E5A3BDBE4BD}
	EndGlobalSection
EndGlobal
